
Microsoft Visual Studio Solution File, Format Version 12.00
# Visual Studio Version 17
VisualStudioVersion = 17.11.35312.102
MinimumVisualStudioVersion = 10.0.40219.1
Project("{2150E333-8FDC-42A3-9474-1A3956D46DE8}") = "week-1", "week-1", "{A6555F1A-B1AA-4432-BEFA-4312196DC09E}"
EndProject
Project("{2150E333-8FDC-42A3-9474-1A3956D46DE8}") = "week-2", "week-2", "{EE8739D9-DF08-4912-B8A2-6C11174F84E9}"
EndProject
Project("{2150E333-8FDC-42A3-9474-1A3956D46DE8}") = "week-3", "week-3", "{4F12461F-C984-4C02-91F4-6C341330787E}"
EndProject
Project("{2150E333-8FDC-42A3-9474-1A3956D46DE8}") = "week-4", "week-4", "{91991023-A88C-4C94-81EC-F2163B40F27F}"
EndProject
Project("{2150E333-8FDC-42A3-9474-1A3956D46DE8}") = "week-5", "week-5", "{77F47478-0609-49A9-9595-DB1E1484FD7B}"
EndProject
Project("{2150E333-8FDC-42A3-9474-1A3956D46DE8}") = "week-6", "week-6", "{FA974D49-54AF-4DE0-9562-A0D0F353108B}"
EndProject
Project("{2150E333-8FDC-42A3-9474-1A3956D46DE8}") = "week-7", "week-7", "{4815CF74-65A6-4B6B-9F4A-54FF5E1DCF08}"
EndProject
Project("{2150E333-8FDC-42A3-9474-1A3956D46DE8}") = "week-8", "week-8", "{D5BF8E08-2401-4559-B3AC-FAEB9588103B}"
EndProject
Project("{2150E333-8FDC-42A3-9474-1A3956D46DE8}") = "week-9", "week-9", "{39C3DAE7-6AAD-4602-BC26-D0CDFCCF20E1}"
EndProject
Project("{FAE04EC0-301F-11D3-BF4B-00C04F79EFBC}") = "lab1", "lab1\lab1.csproj", "{8E4F4C11-6204-47BC-820A-18AA32DDAD9D}"
EndProject
Project("{FAE04EC0-301F-11D3-BF4B-00C04F79EFBC}") = "lab2", "lab2\lab2.csproj", "{87F01904-CBBD-4CF9-AD4E-EF837005CCE1}"
EndProject
Project("{FAE04EC0-301F-11D3-BF4B-00C04F79EFBC}") = "lab3", "lab3\lab3.csproj", "{BDBA0F1D-379E-436D-8E64-B7624114D783}"
EndProject
Project("{FAE04EC0-301F-11D3-BF4B-00C04F79EFBC}") = "lab4", "lab4\lab4.csproj", "{017C81E8-BA08-477D-A13F-F80EC944BFBF}"
EndProject
Project("{FAE04EC0-301F-11D3-BF4B-00C04F79EFBC}") = "lab5", "lab5\lab5.csproj", "{7C8BDD2C-A4FC-4B03-B8A7-AD6163851D96}"
EndProject
Project("{FAE04EC0-301F-11D3-BF4B-00C04F79EFBC}") = "lab6", "lab6\lab6.csproj", "{D0822CAF-A07F-4985-91DA-440AB7B0575F}"
EndProject
Project("{FAE04EC0-301F-11D3-BF4B-00C04F79EFBC}") = "lab7", "lab7\lab7.csproj", "{C654B4EF-0A5C-4974-842A-AF5ACD0E038A}"
EndProject
Project("{FAE04EC0-301F-11D3-BF4B-00C04F79EFBC}") = "lab8", "lab8\lab8.csproj", "{2CC0B5AB-7F1A-43A0-98B8-27868DE7FD53}"
EndProject
Project("{FAE04EC0-301F-11D3-BF4B-00C04F79EFBC}") = "lab9", "lab9\lab9.csproj", "{13A24C84-D906-44B6-92CD-4D88BF2B8F9A}"
EndProject
Global
	GlobalSection(SolutionConfigurationPlatforms) = preSolution
		Debug|Any CPU = Debug|Any CPU
		Release|Any CPU = Release|Any CPU
	EndGlobalSection
	GlobalSection(ProjectConfigurationPlatforms) = postSolution
		{8E4F4C11-6204-47BC-820A-18AA32DDAD9D}.Debug|Any CPU.ActiveCfg = Debug|Any CPU
		{8E4F4C11-6204-47BC-820A-18AA32DDAD9D}.Debug|Any CPU.Build.0 = Debug|Any CPU
		{8E4F4C11-6204-47BC-820A-18AA32DDAD9D}.Release|Any CPU.ActiveCfg = Release|Any CPU
		{8E4F4C11-6204-47BC-820A-18AA32DDAD9D}.Release|Any CPU.Build.0 = Release|Any CPU
		{87F01904-CBBD-4CF9-AD4E-EF837005CCE1}.Debug|Any CPU.ActiveCfg = Debug|Any CPU
		{87F01904-CBBD-4CF9-AD4E-EF837005CCE1}.Debug|Any CPU.Build.0 = Debug|Any CPU
		{87F01904-CBBD-4CF9-AD4E-EF837005CCE1}.Release|Any CPU.ActiveCfg = Release|Any CPU
		{87F01904-CBBD-4CF9-AD4E-EF837005CCE1}.Release|Any CPU.Build.0 = Release|Any CPU
		{BDBA0F1D-379E-436D-8E64-B7624114D783}.Debug|Any CPU.ActiveCfg = Debug|Any CPU
		{BDBA0F1D-379E-436D-8E64-B7624114D783}.Debug|Any CPU.Build.0 = Debug|Any CPU
		{BDBA0F1D-379E-436D-8E64-B7624114D783}.Release|Any CPU.ActiveCfg = Release|Any CPU
		{BDBA0F1D-379E-436D-8E64-B7624114D783}.Release|Any CPU.Build.0 = Release|Any CPU
		{017C81E8-BA08-477D-A13F-F80EC944BFBF}.Debug|Any CPU.ActiveCfg = Debug|Any CPU
		{017C81E8-BA08-477D-A13F-F80EC944BFBF}.Debug|Any CPU.Build.0 = Debug|Any CPU
		{017C81E8-BA08-477D-A13F-F80EC944BFBF}.Release|Any CPU.ActiveCfg = Release|Any CPU
		{017C81E8-BA08-477D-A13F-F80EC944BFBF}.Release|Any CPU.Build.0 = Release|Any CPU
		{7C8BDD2C-A4FC-4B03-B8A7-AD6163851D96}.Debug|Any CPU.ActiveCfg = Debug|Any CPU
		{7C8BDD2C-A4FC-4B03-B8A7-AD6163851D96}.Debug|Any CPU.Build.0 = Debug|Any CPU
		{7C8BDD2C-A4FC-4B03-B8A7-AD6163851D96}.Release|Any CPU.ActiveCfg = Release|Any CPU
		{7C8BDD2C-A4FC-4B03-B8A7-AD6163851D96}.Release|Any CPU.Build.0 = Release|Any CPU
		{D0822CAF-A07F-4985-91DA-440AB7B0575F}.Debug|Any CPU.ActiveCfg = Debug|Any CPU
		{D0822CAF-A07F-4985-91DA-440AB7B0575F}.Debug|Any CPU.Build.0 = Debug|Any CPU
		{D0822CAF-A07F-4985-91DA-440AB7B0575F}.Release|Any CPU.ActiveCfg = Release|Any CPU
		{D0822CAF-A07F-4985-91DA-440AB7B0575F}.Release|Any CPU.Build.0 = Release|Any CPU
		{C654B4EF-0A5C-4974-842A-AF5ACD0E038A}.Debug|Any CPU.ActiveCfg = Debug|Any CPU
		{C654B4EF-0A5C-4974-842A-AF5ACD0E038A}.Debug|Any CPU.Build.0 = Debug|Any CPU
		{C654B4EF-0A5C-4974-842A-AF5ACD0E038A}.Release|Any CPU.ActiveCfg = Release|Any CPU
		{C654B4EF-0A5C-4974-842A-AF5ACD0E038A}.Release|Any CPU.Build.0 = Release|Any CPU
		{2CC0B5AB-7F1A-43A0-98B8-27868DE7FD53}.Debug|Any CPU.ActiveCfg = Debug|Any CPU
		{2CC0B5AB-7F1A-43A0-98B8-27868DE7FD53}.Debug|Any CPU.Build.0 = Debug|Any CPU
		{2CC0B5AB-7F1A-43A0-98B8-27868DE7FD53}.Release|Any CPU.ActiveCfg = Release|Any CPU
		{2CC0B5AB-7F1A-43A0-98B8-27868DE7FD53}.Release|Any CPU.Build.0 = Release|Any CPU
		{13A24C84-D906-44B6-92CD-4D88BF2B8F9A}.Debug|Any CPU.ActiveCfg = Debug|Any CPU
		{13A24C84-D906-44B6-92CD-4D88BF2B8F9A}.Debug|Any CPU.Build.0 = Debug|Any CPU
		{13A24C84-D906-44B6-92CD-4D88BF2B8F9A}.Release|Any CPU.ActiveCfg = Release|Any CPU
		{13A24C84-D906-44B6-92CD-4D88BF2B8F9A}.Release|Any CPU.Build.0 = Release|Any CPU
	EndGlobalSection
	GlobalSection(SolutionProperties) = preSolution
		HideSolutionNode = FALSE
	EndGlobalSection
	GlobalSection(NestedProjects) = preSolution
		{8E4F4C11-6204-47BC-820A-18AA32DDAD9D} = {A6555F1A-B1AA-4432-BEFA-4312196DC09E}
		{87F01904-CBBD-4CF9-AD4E-EF837005CCE1} = {EE8739D9-DF08-4912-B8A2-6C11174F84E9}
		{BDBA0F1D-379E-436D-8E64-B7624114D783} = {4F12461F-C984-4C02-91F4-6C341330787E}
		{017C81E8-BA08-477D-A13F-F80EC944BFBF} = {91991023-A88C-4C94-81EC-F2163B40F27F}
		{7C8BDD2C-A4FC-4B03-B8A7-AD6163851D96} = {77F47478-0609-49A9-9595-DB1E1484FD7B}
		{D0822CAF-A07F-4985-91DA-440AB7B0575F} = {FA974D49-54AF-4DE0-9562-A0D0F353108B}
		{C654B4EF-0A5C-4974-842A-AF5ACD0E038A} = {4815CF74-65A6-4B6B-9F4A-54FF5E1DCF08}
		{2CC0B5AB-7F1A-43A0-98B8-27868DE7FD53} = {D5BF8E08-2401-4559-B3AC-FAEB9588103B}
		{13A24C84-D906-44B6-92CD-4D88BF2B8F9A} = {39C3DAE7-6AAD-4602-BC26-D0CDFCCF20E1}
	EndGlobalSection
	GlobalSection(ExtensibilityGlobals) = postSolution
		SolutionGuid = {3CACC9D6-DA0E-4BAF-B290-8F083C750B50}
	EndGlobalSection
EndGlobal
